
Microsoft Visual Studio Solution File, Format Version 12.00
# Visual Studio Version 17
VisualStudioVersion = 17.7.34031.279
MinimumVisualStudioVersion = 10.0.40219.1
Project("{9A19103F-16F7-4668-BE54-9A1E7A4F7556}") = "Lazy.Vinke", "Lazy.Vinke\Lazy.Vinke.csproj", "{C6A59DF9-1B80-4170-B0AD-ED621AAB2597}"
EndProject
Project("{FAE04EC0-301F-11D3-BF4B-00C04F79EFBC}") = "Lazy.Vinke.DbCheck", "Lazy.Vinke.DbCheck\Lazy.Vinke.DbCheck.csproj", "{53F5F165-EDEB-4435-82AE-D1FB7C03B49E}"
	ProjectSection(ProjectDependencies) = postProject
		{C6A59DF9-1B80-4170-B0AD-ED621AAB2597} = {C6A59DF9-1B80-4170-B0AD-ED621AAB2597}
	EndProjectSection
EndProject
Global
	GlobalSection(SolutionConfigurationPlatforms) = preSolution
		Debug|Any CPU = Debug|Any CPU
		Release|Any CPU = Release|Any CPU
	EndGlobalSection
	GlobalSection(ProjectConfigurationPlatforms) = postSolution
		{C6A59DF9-1B80-4170-B0AD-ED621AAB2597}.Debug|Any CPU.ActiveCfg = Debug|Any CPU
		{C6A59DF9-1B80-4170-B0AD-ED621AAB2597}.Debug|Any CPU.Build.0 = Debug|Any CPU
		{C6A59DF9-1B80-4170-B0AD-ED621AAB2597}.Release|Any CPU.ActiveCfg = Release|Any CPU
		{C6A59DF9-1B80-4170-B0AD-ED621AAB2597}.Release|Any CPU.Build.0 = Release|Any CPU
		{53F5F165-EDEB-4435-82AE-D1FB7C03B49E}.Debug|Any CPU.ActiveCfg = Debug|Any CPU
		{53F5F165-EDEB-4435-82AE-D1FB7C03B49E}.Debug|Any CPU.Build.0 = Debug|Any CPU
		{53F5F165-EDEB-4435-82AE-D1FB7C03B49E}.Release|Any CPU.ActiveCfg = Release|Any CPU
		{53F5F165-EDEB-4435-82AE-D1FB7C03B49E}.Release|Any CPU.Build.0 = Release|Any CPU
	EndGlobalSection
	GlobalSection(SolutionProperties) = preSolution
		HideSolutionNode = FALSE
	EndGlobalSection
	GlobalSection(ExtensibilityGlobals) = postSolution
		SolutionGuid = {6FBA7142-A3FB-4CF8-B6FD-8A822FED483B}
	EndGlobalSection
EndGlobal
