
Microsoft Visual Studio Solution File, Format Version 12.00
# Visual Studio Version 17
VisualStudioVersion = 17.7.34031.279
MinimumVisualStudioVersion = 10.0.40219.1
Project("{9A19103F-16F7-4668-BE54-9A1E7A4F7556}") = "Lazy.Vinke.Tests", "Lazy.Vinke.Tests\Lazy.Vinke.Tests.csproj", "{2414FD63-4927-496E-B0A5-12331B1F1AE5}"
EndProject
Global
	GlobalSection(SolutionConfigurationPlatforms) = preSolution
		Debug|Any CPU = Debug|Any CPU
		Release|Any CPU = Release|Any CPU
	EndGlobalSection
	GlobalSection(ProjectConfigurationPlatforms) = postSolution
		{2414FD63-4927-496E-B0A5-12331B1F1AE5}.Debug|Any CPU.ActiveCfg = Debug|Any CPU
		{2414FD63-4927-496E-B0A5-12331B1F1AE5}.Debug|Any CPU.Build.0 = Debug|Any CPU
		{2414FD63-4927-496E-B0A5-12331B1F1AE5}.Release|Any CPU.ActiveCfg = Release|Any CPU
		{2414FD63-4927-496E-B0A5-12331B1F1AE5}.Release|Any CPU.Build.0 = Release|Any CPU
	EndGlobalSection
	GlobalSection(SolutionProperties) = preSolution
		HideSolutionNode = FALSE
	EndGlobalSection
	GlobalSection(ExtensibilityGlobals) = postSolution
		SolutionGuid = {41130423-ED5D-418C-AE1C-0129B8E1F6F5}
	EndGlobalSection
EndGlobal
