
Microsoft Visual Studio Solution File, Format Version 12.00
# Visual Studio Version 17
VisualStudioVersion = 17.7.34202.233
MinimumVisualStudioVersion = 10.0.40219.1
Project("{FAE04EC0-301F-11D3-BF4B-00C04F79EFBC}") = "Lazy.Vinke.Tests.Data", "Lazy.Vinke.Tests.Data\Lazy.Vinke.Tests.Data.csproj", "{40F2C4A4-27B2-45B6-92C2-88C2E5D798F5}"
EndProject
Global
	GlobalSection(SolutionConfigurationPlatforms) = preSolution
		Debug|Any CPU = Debug|Any CPU
		Release|Any CPU = Release|Any CPU
	EndGlobalSection
	GlobalSection(ProjectConfigurationPlatforms) = postSolution
		{40F2C4A4-27B2-45B6-92C2-88C2E5D798F5}.Debug|Any CPU.ActiveCfg = Debug|Any CPU
		{40F2C4A4-27B2-45B6-92C2-88C2E5D798F5}.Debug|Any CPU.Build.0 = Debug|Any CPU
		{40F2C4A4-27B2-45B6-92C2-88C2E5D798F5}.Release|Any CPU.ActiveCfg = Release|Any CPU
		{40F2C4A4-27B2-45B6-92C2-88C2E5D798F5}.Release|Any CPU.Build.0 = Release|Any CPU
	EndGlobalSection
	GlobalSection(SolutionProperties) = preSolution
		HideSolutionNode = FALSE
	EndGlobalSection
	GlobalSection(ExtensibilityGlobals) = postSolution
		SolutionGuid = {AF701F5A-A184-4006-A225-074708265ACD}
	EndGlobalSection
EndGlobal
